// !$*UTF8*$!
{
	archiveVersion = 1;
	classes = {
	};
	objectVersion = 46;
	objects = {

/* Begin PBXBuildFile section */
		A25F76BA1EEFC5850097A687 /* AppDelegate.swift in Sources */ = {isa = PBXBuildFile; fileRef = A25F76B91EEFC5850097A687 /* AppDelegate.swift */; };
		A25F76BC1EEFC5850097A687 /* ViewController.swift in Sources */ = {isa = PBXBuildFile; fileRef = A25F76BB1EEFC5850097A687 /* ViewController.swift */; };
		A25F76BF1EEFC5850097A687 /* Main.storyboard in Resources */ = {isa = PBXBuildFile; fileRef = A25F76BD1EEFC5850097A687 /* Main.storyboard */; };
		A25F76C11EEFC5850097A687 /* Assets.xcassets in Resources */ = {isa = PBXBuildFile; fileRef = A25F76C01EEFC5850097A687 /* Assets.xcassets */; };
		A25F76C41EEFC5850097A687 /* LaunchScreen.storyboard in Resources */ = {isa = PBXBuildFile; fileRef = A25F76C21EEFC5850097A687 /* LaunchScreen.storyboard */; };
		A2BD83551EF135CF00F4B20F /* EmojiClass.swift in Sources */ = {isa = PBXBuildFile; fileRef = A2BD83541EF135CF00F4B20F /* EmojiClass.swift */; };
		A2EC68771EEFDEAD002B9835 /* ShowViewController.swift in Sources */ = {isa = PBXBuildFile; fileRef = A2EC68761EEFDEAD002B9835 /* ShowViewController.swift */; };
/* End PBXBuildFile section */

/* Begin PBXFileReference section */
		A25F76B61EEFC5850097A687 /* doit.app */ = {isa = PBXFileReference; explicitFileType = wrapper.application; includeInIndex = 0; path = doit.app; sourceTree = BUILT_PRODUCTS_DIR; };
		A25F76B91EEFC5850097A687 /* AppDelegate.swift */ = {isa = PBXFileReference; lastKnownFileType = sourcecode.swift; path = AppDelegate.swift; sourceTree = "<group>"; };
		A25F76BB1EEFC5850097A687 /* ViewController.swift */ = {isa = PBXFileReference; lastKnownFileType = sourcecode.swift; path = ViewController.swift; sourceTree = "<group>"; };
		A25F76BE1EEFC5850097A687 /* Base */ = {isa = PBXFileReference; lastKnownFileType = file.storyboard; name = Base; path = Base.lproj/Main.storyboard; sourceTree = "<group>"; };
		A25F76C01EEFC5850097A687 /* Assets.xcassets */ = {isa = PBXFileReference; lastKnownFileType = folder.assetcatalog; path = Assets.xcassets; sourceTree = "<group>"; };
		A25F76C31EEFC5850097A687 /* Base */ = {isa = PBXFileReference; lastKnownFileType = file.storyboard; name = Base; path = Base.lproj/LaunchScreen.storyboard; sourceTree = "<group>"; };
		A25F76C51EEFC5850097A687 /* Info.plist */ = {isa = PBXFileReference; lastKnownFileType = text.plist.xml; path = Info.plist; sourceTree = "<group>"; };
		A2BD83541EF135CF00F4B20F /* EmojiClass.swift */ = {isa = PBXFileReference; fileEncoding = 4; lastKnownFileType = sourcecode.swift; path = EmojiClass.swift; sourceTree = "<group>"; };
		A2EC68761EEFDEAD002B9835 /* ShowViewController.swift */ = {isa = PBXFileReference; fileEncoding = 4; lastKnownFileType = sourcecode.swift; path = ShowViewController.swift; sourceTree = "<group>"; };
/* End PBXFileReference section */

/* Begin PBXFrameworksBuildPhase section */
		A25F76B31EEFC5850097A687 /* Frameworks */ = {
			isa = PBXFrameworksBuildPhase;
			buildActionMask = 2147483647;
			files = (
			);
			runOnlyForDeploymentPostprocessing = 0;
		};
/* End PBXFrameworksBuildPhase section */

/* Begin PBXGroup section */
		A25F76AD1EEFC5850097A687 = {
			isa = PBXGroup;
			children = (
				A25F76B81EEFC5850097A687 /* doit */,
				A25F76B71EEFC5850097A687 /* Products */,
			);
			sourceTree = "<group>";
		};
		A25F76B71EEFC5850097A687 /* Products */ = {
			isa = PBXGroup;
			children = (
				A25F76B61EEFC5850097A687 /* doit.app */,
			);
			name = Products;
			sourceTree = "<group>";
		};
		A25F76B81EEFC5850097A687 /* doit */ = {
			isa = PBXGroup;
			children = (
				A25F76B91EEFC5850097A687 /* AppDelegate.swift */,
				A25F76BB1EEFC5850097A687 /* ViewController.swift */,
				A2BD83541EF135CF00F4B20F /* EmojiClass.swift */,
				A2EC68761EEFDEAD002B9835 /* ShowViewController.swift */,
				A25F76BD1EEFC5850097A687 /* Main.storyboard */,
				A25F76C01EEFC5850097A687 /* Assets.xcassets */,
				A25F76C21EEFC5850097A687 /* LaunchScreen.storyboard */,
				A25F76C51EEFC5850097A687 /* Info.plist */,
			);
			path = doit;
			sourceTree = "<group>";
		};
/* End PBXGroup section */

/* Begin PBXNativeTarget section */
		A25F76B51EEFC5850097A687 /* doit */ = {
			isa = PBXNativeTarget;
			buildConfigurationList = A25F76C81EEFC5850097A687 /* Build configuration list for PBXNativeTarget "doit" */;
			buildPhases = (
				A25F76B21EEFC5850097A687 /* Sources */,
				A25F76B31EEFC5850097A687 /* Frameworks */,
				A25F76B41EEFC5850097A687 /* Resources */,
			);
			buildRules = (
			);
			dependencies = (
			);
			name = doit;
			productName = doit;
			productReference = A25F76B61EEFC5850097A687 /* doit.app */;
			productType = "com.apple.product-type.application";
		};
/* End PBXNativeTarget section */

/* Begin PBXProject section */
		A25F76AE1EEFC5850097A687 /* Project object */ = {
			isa = PBXProject;
			attributes = {
				LastSwiftUpdateCheck = 0830;
				LastUpgradeCheck = 0830;
				ORGANIZATIONNAME = madgeordan;
				TargetAttributes = {
					A25F76B51EEFC5850097A687 = {
						CreatedOnToolsVersion = 8.3;
						ProvisioningStyle = Automatic;
					};
				};
			};
			buildConfigurationList = A25F76B11EEFC5850097A687 /* Build configuration list for PBXProject "doit" */;
			compatibilityVersion = "Xcode 3.2";
			developmentRegion = English;
			hasScannedForEncodings = 0;
			knownRegions = (
				en,
				Base,
			);
			mainGroup = A25F76AD1EEFC5850097A687;
			productRefGroup = A25F76B71EEFC5850097A687 /* Products */;
			projectDirPath = "";
			projectRoot = "";
			targets = (
				A25F76B51EEFC5850097A687 /* doit */,
			);
		};
/* End PBXProject section */

/* Begin PBXResourcesBuildPhase section */
		A25F76B41EEFC5850097A687 /* Resources */ = {
			isa = PBXResourcesBuildPhase;
			buildActionMask = 2147483647;
			files = (
				A25F76C41EEFC5850097A687 /* LaunchScreen.storyboard in Resources */,
				A25F76C11EEFC5850097A687 /* Assets.xcassets in Resources */,
				A25F76BF1EEFC5850097A687 /* Main.storyboard in Resources */,
			);
			runOnlyForDeploymentPostprocessing = 0;
		};
/* End PBXResourcesBuildPhase section */

/* Begin PBXSourcesBuildPhase section */
		A25F76B21EEFC5850097A687 /* Sources */ = {
			isa = PBXSourcesBuildPhase;
			buildActionMask = 2147483647;
			files = (
				A25F76BC1EEFC5850097A687 /* ViewController.swift in Sources */,
				A2BD83551EF135CF00F4B20F /* EmojiClass.swift in Sources */,
				A25F76BA1EEFC5850097A687 /* AppDelegate.swift in Sources */,
				A2EC68771EEFDEAD002B9835 /* ShowViewController.swift in Sources */,
			);
			runOnlyForDeploymentPostprocessing = 0;
		};
/* End PBXSourcesBuildPhase section */

/* Begin PBXVariantGroup section */
		A25F76BD1EEFC5850097A687 /* Main.storyboard */ = {
			isa = PBXVariantGroup;
			children = (
				A25F76BE1EEFC5850097A687 /* Base */,
			);
			name = Main.storyboard;
			sourceTree = "<group>";
		};
		A25F76C21EEFC5850097A687 /* LaunchScreen.storyboard */ = {
			isa = PBXVariantGroup;
			children = (
				A25F76C31EEFC5850097A687 /* Base */,
			);
			name = LaunchScreen.storyboard;
			sourceTree = "<group>";
		};
/* End PBXVariantGroup section */

/* Begin XCBuildConfiguration section */
		A25F76C61EEFC5850097A687 /* Debug */ = {
			isa = XCBuildConfiguration;
			buildSettings = {
				ALWAYS_SEARCH_USER_PATHS = NO;
				CLANG_ANALYZER_NONNULL = YES;
				CLANG_ANALYZER_NUMBER_OBJECT_CONVERSION = YES_AGGRESSIVE;
				CLANG_CXX_LANGUAGE_STANDARD = "gnu++0x";
				CLANG_CXX_LIBRARY = "libc++";
				CLANG_ENABLE_MODULES = YES;
				CLANG_ENABLE_OBJC_ARC = YES;
				CLANG_WARN_BOOL_CONVERSION = YES;
				CLANG_WARN_CONSTANT_CONVERSION = YES;
				CLANG_WARN_DIRECT_OBJC_ISA_USAGE = YES_ERROR;
				CLANG_WARN_DOCUMENTATION_COMMENTS = YES;
				CLANG_WARN_EMPTY_BODY = YES;
				CLANG_WARN_ENUM_CONVERSION = YES;
				CLANG_WARN_INFINITE_RECURSION = YES;
				CLANG_WARN_INT_CONVERSION = YES;
				CLANG_WARN_OBJC_ROOT_CLASS = YES_ERROR;
				CLANG_WARN_SUSPICIOUS_MOVE = YES;
				CLANG_WARN_UNREACHABLE_CODE = YES;
				CLANG_WARN__DUPLICATE_METHOD_MATCH = YES;
				"CODE_SIGN_IDENTITY[sdk=iphoneos*]" = "iPhone Developer";
				COPY_PHASE_STRIP = NO;
				DEBUG_INFORMATION_FORMAT = dwarf;
				ENABLE_STRICT_OBJC_MSGSEND = YES;
				ENABLE_TESTABILITY = YES;
				GCC_C_LANGUAGE_STANDARD = gnu99;
				GCC_DYNAMIC_NO_PIC = NO;
				GCC_NO_COMMON_BLOCKS = YES;
				GCC_OPTIMIZATION_LEVEL = 0;
				GCC_PREPROCESSOR_DEFINITIONS = (
					"DEBUG=1",
					"$(inherited)",
				);
				GCC_WARN_64_TO_32_BIT_CONVERSION = YES;
				GCC_WARN_ABOUT_RETURN_TYPE = YES_ERROR;
				GCC_WARN_UNDECLARED_SELECTOR = YES;
				GCC_WARN_UNINITIALIZED_AUTOS = YES_AGGRESSIVE;
				GCC_WARN_UNUSED_FUNCTION = YES;
				GCC_WARN_UNUSED_VARIABLE = YES;
				IPHONEOS_DEPLOYMENT_TARGET = 10.3;
				MTL_ENABLE_DEBUG_INFO = YES;
				ONLY_ACTIVE_ARCH = YES;
				SDKROOT = iphoneos;
				SWIFT_ACTIVE_COMPILATION_CONDITIONS = DEBUG;
				SWIFT_OPTIMIZATION_LEVEL = "-Onone";
				TARGETED_DEVICE_FAMILY = "1,2";
			};
			name = Debug;
		};
		A25F76C71EEFC5850097A687 /* Release */ = {
			isa = XCBuildConfiguration;
			buildSettings = {
				ALWAYS_SEARCH_USER_PATHS = NO;
				CLANG_ANALYZER_NONNULL = YES;
				CLANG_ANALYZER_NUMBER_OBJECT_CONVERSION = YES_AGGRESSIVE;
				CLANG_CXX_LANGUAGE_STANDARD = "gnu++0x";
				CLANG_CXX_LIBRARY = "libc++";
				CLANG_ENABLE_MODULES = YES;
				CLANG_ENABLE_OBJC_ARC = YES;
				CLANG_WARN_BOOL_CONVERSION = YES;
				CLANG_WARN_CONSTANT_CONVERSION = YES;
				CLANG_WARN_DIRECT_OBJC_ISA_USAGE = YES_ERROR;
				CLANG_WARN_DOCUMENTATION_COMMENTS = YES;
				CLANG_WARN_EMPTY_BODY = YES;
				CLANG_WARN_ENUM_CONVERSION = YES;
				CLANG_WARN_INFINITE_RECURSION = YES;
				CLANG_WARN_INT_CONVERSION = YES;
				CLANG_WARN_OBJC_ROOT_CLASS = YES_ERROR;
				CLANG_WARN_SUSPICIOUS_MOVE = YES;
				CLANG_WARN_UNREACHABLE_CODE = YES;
				CLANG_WARN__DUPLICATE_METHOD_MATCH = YES;
				"CODE_SIGN_IDENTITY[sdk=iphoneos*]" = "iPhone Developer";
				COPY_PHASE_STRIP = NO;
				DEBUG_INFORMATION_FORMAT = "dwarf-with-dsym";
				ENABLE_NS_ASSERTIONS = NO;
				ENABLE_STRICT_OBJC_MSGSEND = YES;
				GCC_C_LANGUAGE_STANDARD = gnu99;
				GCC_NO_COMMON_BLOCKS = YES;
				GCC_WARN_64_TO_32_BIT_CONVERSION = YES;
				GCC_WARN_ABOUT_RETURN_TYPE = YES_ERROR;
				GCC_WARN_UNDECLARED_SELECTOR = YES;
				GCC_WARN_UNINITIALIZED_AUTOS = YES_AGGRESSIVE;
				GCC_WARN_UNUSED_FUNCTION = YES;
				GCC_WARN_UNUSED_VARIABLE = YES;
				IPHONEOS_DEPLOYMENT_TARGET = 10.3;
				MTL_ENABLE_DEBUG_INFO = NO;
				SDKROOT = iphoneos;
				SWIFT_OPTIMIZATION_LEVEL = "-Owholemodule";
				TARGETED_DEVICE_FAMILY = "1,2";
				VALIDATE_PRODUCT = YES;
			};
			name = Release;
		};
		A25F76C91EEFC5850097A687 /* Debug */ = {
			isa = XCBuildConfiguration;
			buildSettings = {
				ASSETCATALOG_COMPILER_APPICON_NAME = AppIcon;
				INFOPLIST_FILE = doit/Info.plist;
				LD_RUNPATH_SEARCH_PATHS = "$(inherited) @executable_path/Frameworks";
				PRODUCT_BUNDLE_IDENTIFIER = com.madgeordan.doit;
				PRODUCT_NAME = "$(TARGET_NAME)";
				SWIFT_VERSION = 3.0;
			};
			name = Debug;
		};
		A25F76CA1EEFC5850097A687 /* Release */ = {
			isa = XCBuildConfiguration;
			buildSettings = {
				ASSETCATALOG_COMPILER_APPICON_NAME = AppIcon;
				INFOPLIST_FILE = doit/Info.plist;
				LD_RUNPATH_SEARCH_PATHS = "$(inherited) @executable_path/Frameworks";
				PRODUCT_BUNDLE_IDENTIFIER = com.madgeordan.doit;
				PRODUCT_NAME = "$(TARGET_NAME)";
				SWIFT_VERSION = 3.0;
			};
			name = Release;
		};
/* End XCBuildConfiguration section */

/* Begin XCConfigurationList section */
		A25F76B11EEFC5850097A687 /* Build configuration list for PBXProject "doit" */ = {
			isa = XCConfigurationList;
			buildConfigurations = (
				A25F76C61EEFC5850097A687 /* Debug */,
				A25F76C71EEFC5850097A687 /* Release */,
			);
			defaultConfigurationIsVisible = 0;
			defaultConfigurationName = Release;
		};
		A25F76C81EEFC5850097A687 /* Build configuration list for PBXNativeTarget "doit" */ = {
			isa = XCConfigurationList;
			buildConfigurations = (
				A25F76C91EEFC5850097A687 /* Debug */,
				A25F76CA1EEFC5850097A687 /* Release */,
			);
			defaultConfigurationIsVisible = 0;
			defaultConfigurationName = Release;
		};
/* End XCConfigurationList section */
	};
	rootObject = A25F76AE1EEFC5850097A687 /* Project object */;
}
